<?xml version="1.0" encoding="utf-8"?>
<Project ToolsVersion="4.0" xmlns="http://schemas.microsoft.com/developer/msbuild/2003">
  <ItemGroup>
    <ClCompile Include="j1Window.cpp">
      <Filter>Game Core\Modules</Filter>
    </ClCompile>
    <ClCompile Include="j1Audio.cpp">
      <Filter>Game Core\Modules</Filter>
    </ClCompile>
    <ClCompile Include="j1App.cpp">
      <Filter>Game Core</Filter>
    </ClCompile>
    <ClCompile Include="j1Input.cpp">
      <Filter>Game Core\Modules</Filter>
    </ClCompile>
    <ClCompile Include="j1Main.cpp">
      <Filter>Game Core</Filter>
    </ClCompile>
    <ClCompile Include="j1Render.cpp">
      <Filter>Game Core\Modules</Filter>
    </ClCompile>
    <ClCompile Include="j1Textures.cpp">
      <Filter>Game Core\Modules</Filter>
    </ClCompile>
    <ClCompile Include="j1Scene.cpp">
      <Filter>Game Core\Scenes</Filter>
    </ClCompile>
    <ClCompile Include="PugiXml\src\pugixml.cpp">
      <Filter>Game Core\Tools\PuguiXML</Filter>
    </ClCompile>
    <ClCompile Include="j1Map.cpp">
      <Filter>Game Core\Modules</Filter>
    </ClCompile>
    <ClCompile Include="p2Log.cpp">
      <Filter>Game Core\Containers</Filter>
    </ClCompile>
    <ClCompile Include="j1Player.cpp">
      <Filter>Game Core\Modules</Filter>
    </ClCompile>
    <ClCompile Include="j1State_Machine.cpp">
      <Filter>Game Core\Modules</Filter>
    </ClCompile>
    <ClCompile Include="Collision_Manager.cpp">
      <Filter>Game Core\Modules</Filter>
    </ClCompile>
    <ClCompile Include="EntityManager.cpp">
      <Filter>Game Core\Modules</Filter>
    </ClCompile>
    <ClCompile Include="Entity.cpp">
      <Filter>Game Core\Modules</Filter>
    </ClCompile>
    <ClCompile Include="j1Timer.cpp">
      <Filter>Game Core\Timers</Filter>
    </ClCompile>
    <ClCompile Include="j1PerfTimer.cpp">
      <Filter>Game Core\Timers</Filter>
    </ClCompile>
    <ClCompile Include="Creature.cpp">
      <Filter>Game Core\Modules</Filter>
    </ClCompile>
  </ItemGroup>
  <ItemGroup>
    <ClInclude Include="j1Window.h">
      <Filter>Game Core\Modules</Filter>
    </ClInclude>
    <ClInclude Include="j1Audio.h">
      <Filter>Game Core\Modules</Filter>
    </ClInclude>
    <ClInclude Include="j1App.h">
      <Filter>Game Core</Filter>
    </ClInclude>
    <ClInclude Include="j1Input.h">
      <Filter>Game Core\Modules</Filter>
    </ClInclude>
    <ClInclude Include="j1Module.h">
      <Filter>Game Core</Filter>
    </ClInclude>
    <ClInclude Include="j1Render.h">
      <Filter>Game Core\Modules</Filter>
    </ClInclude>
    <ClInclude Include="j1Textures.h">
      <Filter>Game Core\Modules</Filter>
    </ClInclude>
    <ClInclude Include="j1Scene.h">
      <Filter>Game Core\Scenes</Filter>
    </ClInclude>
    <ClInclude Include="PugiXml\src\pugiconfig.hpp">
      <Filter>Game Core\Tools\PuguiXML</Filter>
    </ClInclude>
    <ClInclude Include="PugiXml\src\pugixml.hpp">
      <Filter>Game Core\Tools\PuguiXML</Filter>
    </ClInclude>
    <ClInclude Include="j1Map.h">
      <Filter>Game Core\Modules</Filter>
    </ClInclude>
    <ClInclude Include="p2Defs.h">
      <Filter>Game Core\Containers</Filter>
    </ClInclude>
    <ClInclude Include="p2DynArray.h">
      <Filter>Game Core\Containers</Filter>
    </ClInclude>
    <ClInclude Include="p2List.h">
      <Filter>Game Core\Containers</Filter>
    </ClInclude>
    <ClInclude Include="p2Log.h">
      <Filter>Game Core\Containers</Filter>
    </ClInclude>
    <ClInclude Include="p2Point.h">
      <Filter>Game Core\Containers</Filter>
    </ClInclude>
    <ClInclude Include="p2SString.h">
      <Filter>Game Core\Containers</Filter>
    </ClInclude>
    <ClInclude Include="j1Player.h">
      <Filter>Game Core\Modules</Filter>
    </ClInclude>
    <ClInclude Include="Animation.h">
      <Filter>Game Core\Containers</Filter>
    </ClInclude>
    <ClInclude Include="j1State_Machine.h">
      <Filter>Game Core\Modules</Filter>
    </ClInclude>
    <ClInclude Include="Collision_Manager.h">
      <Filter>Game Core\Modules</Filter>
    </ClInclude>
    <ClInclude Include="MemLeaks.h">
      <Filter>Game Core</Filter>
    </ClInclude>
    <ClInclude Include="EntityManager.h">
      <Filter>Game Core\Modules</Filter>
    </ClInclude>
    <ClInclude Include="Entity.h">
      <Filter>Game Core\Modules</Filter>
    </ClInclude>
    <ClInclude Include="j1Timer.h">
      <Filter>Game Core\Timers</Filter>
    </ClInclude>
    <ClInclude Include="j1PerfTimer.h">
      <Filter>Game Core\Timers</Filter>
    </ClInclude>
    <ClInclude Include="Creature.h">
      <Filter>Game Core\Modules</Filter>
    </ClInclude>
  </ItemGroup>
  <ItemGroup>
    <Filter Include="Game Core">
      <UniqueIdentifier>{cb944693-b9d0-484c-bad2-02d5a7cdbec6}</UniqueIdentifier>
    </Filter>
    <Filter Include="Game Core\Tools">
      <UniqueIdentifier>{42c748be-4a37-49de-970f-5be811d06b38}</UniqueIdentifier>
    </Filter>
    <Filter Include="Game Core\Tools\PuguiXML">
      <UniqueIdentifier>{7cb78d67-17cc-45eb-af97-e2106becce7b}</UniqueIdentifier>
    </Filter>
    <Filter Include="Game Core\Scenes">
      <UniqueIdentifier>{e07660eb-d36f-4cc9-af59-324d31c2f2f6}</UniqueIdentifier>
    </Filter>
    <Filter Include="Game Core\Modules">
      <UniqueIdentifier>{244722d1-90ce-423d-8e7a-556211865a32}</UniqueIdentifier>
    </Filter>
    <Filter Include="Game Core\Containers">
      <UniqueIdentifier>{66b1e48a-1a77-435d-ae40-69d5a7f886a3}</UniqueIdentifier>
    </Filter>
    <Filter Include="Game Core\Timers">
      <UniqueIdentifier>{950441ee-7ac3-45a0-9fe5-655708e9e300}</UniqueIdentifier>
    </Filter>
  </ItemGroup>
</Project>